# THIS IS AN AUTOGENERATED FILE. DO NOT EDIT THIS FILE DIRECTLY.
# yarn lockfile v1


"@babel/runtime@^7.20.6":
  version "7.20.7"
  resolved "https://registry.yarnpkg.com/@babel/runtime/-/runtime-7.20.7.tgz#fcb41a5a70550e04a7b708037c7c32f7f356d8fd"
  integrity sha512-UF0tvkUtxwAgZ5W/KrkHf0Rn0fdnLDU9ScxBrEVNUprE/MzirjK4MJUX1/BVDv00Sv8cljtukVK1aky++X1SjQ==
  dependencies:
    regenerator-runtime "^0.13.11"

automation-events@^4.0.25:
  version "4.0.25"
  resolved "https://registry.yarnpkg.com/automation-events/-/automation-events-4.0.25.tgz#f38399a3069eb1b53adf2bba247e1da9e3a1de46"
  integrity sha512-er1qdVevDNfZIQt18B31GyVX/D98tI0ztZ3z/VU6PBT0hTF8Emodl8e452k2VYdoiSTvDk0xaah7MC7AfoaZfA==
  dependencies:
    "@babel/runtime" "^7.20.6"
    tslib "^2.4.1"

regenerator-runtime@^0.13.11:
  version "0.13.11"
  resolved "https://registry.yarnpkg.com/regenerator-runtime/-/regenerator-runtime-0.13.11.tgz#f6dca3e7ceec20590d07ada785636a90cdca17f9"
  integrity sha512-kY1AZVr2Ra+t+piVaJ4gxaFaReZVH40AKNo7UCX6W+dEwBo/2oZJzqfuN1qLq1oL45o56cPaTXELwrTh8Fpggg==

standardized-audio-context@^25.1.8:
  version "25.3.36"
  resolved "https://registry.yarnpkg.com/standardized-audio-context/-/standardized-audio-context-25.3.36.tgz#91e017e7a8c46295c71b3f335c2e5354e6fe62a5"
  integrity sha512-I3+jpIQP2PdGDrAx9Cf4/atC92PbJt+ejLUA/mwBx3OgyEStKC57D/wTce2K3PeJBbXJ0w//I99PZTBJrpxg/A==
  dependencies:
    "@babel/runtime" "^7.20.6"
    automation-events "^4.0.25"
    tslib "^2.4.1"

tone@^14.7.77:
  version "14.7.77"
  resolved "https://registry.yarnpkg.com/tone/-/tone-14.7.77.tgz#12a2a9f033952ccdb552275a6384ca5d36d4b5ed"
  integrity sha512-tCfK73IkLHyzoKUvGq47gyDyxiKLFvKiVCOobynGgBB9Dl0NkxTM2p+eRJXyCYrjJwy9Y0XCMqD3uOYsYt2Fdg==
  dependencies:
    standardized-audio-context "^25.1.8"
    tslib "^2.0.1"

tslib@^2.0.1, tslib@^2.4.1:
  version "2.4.1"
  resolved "https://registry.yarnpkg.com/tslib/-/tslib-2.4.1.tgz#0d0bfbaac2880b91e22df0768e55be9753a5b17e"
  integrity sha512-tGyy4dAjRIEwI7BzsB0lynWgOpfqjUdq91XXAlIWD2OwKBH7oCl/GZG/HT4BOHrTlPMOASlMQ7veyTqpmRcrNA==
